adding:
  dependencies:
    config:
      - paragraphs.paragraphs_type.faqs
  settings:
    handler_settings:
      target_bundles:
        faqs: faqs
      target_bundles_drag_drop:
        faqs:
          enabled: true
          weight: 14
removing:
  dependencies:
    config:
      - paragraphs.paragraphs_type.people
  settings:
    handler_settings:
      target_bundles:
        people: people
      target_bundles_drag_drop:
        people:
          enabled: true
          weight: 25
