uuid: fa2c9cdc-2fcb-4dfe-b968-bb6a6a7766ab
langcode: en
status: true
dependencies:
  config:
    - field.storage.paragraph.field_section_content_block
    - paragraphs.paragraphs_type.accordion
    - paragraphs.paragraphs_type.articles
    - paragraphs.paragraphs_type.blockquote
    - paragraphs.paragraphs_type.card
    - paragraphs.paragraphs_type.carousel
    - paragraphs.paragraphs_type.events
    - paragraphs.paragraphs_type.faqs
    - paragraphs.paragraphs_type.featured_content
    - paragraphs.paragraphs_type.image_gallery
    - paragraphs.paragraphs_type.people
    - paragraphs.paragraphs_type.section
    - paragraphs.paragraphs_type.text
    - paragraphs.paragraphs_type.webform
  module:
    - entity_reference_revisions
id: paragraph.section.field_section_content_block
field_name: field_section_content_block
entity_type: paragraph
bundle: section
label: 'Content Blocks'
description: 'Add separated content blocks to this section.'
required: false
translatable: false
default_value: {  }
default_value_callback: ''
settings:
  handler: 'default:paragraph'
  handler_settings:
    target_bundles:
      text: text
      accordion: accordion
      card: card
      blockquote: blockquote
      events: events
      articles: articles
      faqs: faqs
      featured_content: featured_content
      webform: webform
      carousel: carousel
      image_gallery: image_gallery
      people: people
    negate: 0
    target_bundles_drag_drop:
      accordion:
        weight: 6
        enabled: true
      accordion_item:
        weight: 7
        enabled: false
      articles:
        weight: 11
        enabled: true
      blockquote:
        weight: 9
        enabled: true
      card:
        weight: 8
        enabled: true
      carousel:
        weight: 18
        enabled: true
      carousel_image:
        weight: 19
        enabled: false
      events:
        weight: 10
        enabled: true
      faqs:
        weight: 14
        enabled: true
      featured_content:
        weight: 16
        enabled: true
      image_gallery:
        weight: 23
        enabled: true
      people:
        weight: 31
        enabled: true
      section:
        weight: 3
        enabled: false
      text:
        weight: 4
        enabled: true
      uiowa_collection_item:
        weight: 34
        enabled: false
      uiowa_contact:
        weight: 35
        enabled: false
      uiowa_slide:
        weight: 36
        enabled: false
      uiowa_timeline_item:
        weight: 37
        enabled: false
      webform:
        weight: 18
        enabled: true
field_type: entity_reference_revisions
