uuid: 1139f802-140e-4b6e-8897-d8a298ee25dd
langcode: en
status: true
dependencies:
  module:
    - entity_reference_revisions
    - paragraphs
    - sitenow_paragraphs
_core:
  default_config_hash: d9hRYrQ7Z2o5I1P-rRt-d5i9Mf8ml---2DbXVwDAWHg
id: paragraph.field_section_content_block
field_name: field_section_content_block
entity_type: paragraph
type: entity_reference_revisions
settings:
  target_type: paragraph
module: entity_reference_revisions
locked: false
cardinality: -1
translatable: true
indexes: {  }
persist_with_no_fields: false
custom_storage: false
