uuid: 0d9439f9-5fd9-4973-a91a-7f24cfced098
langcode: en
status: true
dependencies:
  module:
    - uiowa_alerts
  theme:
    - uids_base
id: alertsblock
theme: uids_base
region: alert
weight: 0
provider: null
plugin: uiowa_alerts_block
settings:
  id: uiowa_alerts_block
  label: 'Alerts block'
  provider: uiowa_alerts
  label_display: '0'
visibility: {  }
