uuid: 883417af-81a1-409c-a104-4f5ef9a73af2
langcode: en
status: true
dependencies:
  module:
    - uiowa_core
  theme:
    - uids_base
id: prefooterregionblock
theme: uids_base
region: pre_footer
weight: 0
provider: null
plugin: pre_footer_region_block
settings:
  id: pre_footer_region_block
  label: 'Pre Footer Region Block'
  provider: uiowa_core
  label_display: '0'
visibility: {  }
