uuid: ea6d7b5a-e0d4-4f7a-a140-46c69651aa89
langcode: en
status: true
dependencies:
  module:
    - uiowa_core
  theme:
    - uids_base
id: prefooterregionblock
theme: uids_base
region: pre_footer
weight: 0
provider: null
plugin: pre_footer_region_block
settings:
  id: pre_footer_region_block
  label: 'Pre Footer Region Block'
  provider: uiowa_core
  label_display: visible
visibility: {  }
