uuid: e8410826-2eae-4d28-b20a-51a7b9fdb230
langcode: en
status: false
dependencies: {  }
id: clas_program_block
label: 'CLAS Program Block'
description: 'Provides a block for displaying program data on CLAS websites.'
folder: ../config/features/clas_program_block
module: {  }
theme: {  }
blacklist:
  - block_content.type.uiowa_program
  - 'field.storage.block_content.field_uiowa_program_*'
graylist: {  }
graylist_dependents: true
graylist_skip_equal: true
weight: 80
