uuid: e318c939-1b2b-4d5c-acbe-aa922de66165
langcode: en
status: true
dependencies: {  }
id: custom_list_block
label: 'Custom list block'
description: ''
weight: 80
stackable: false
storage: folder
folder: ../config/features/custom_list_block
module: {  }
theme: {  }
complete_list:
  - views.view.custom_list_block
partial_list: {  }
