uuid: 59ab39a6-044f-4956-b31a-bf5497b20982
langcode: en
status: true
dependencies:
  module:
    - entity_reference_revisions
    - node
    - paragraphs
_core:
  default_config_hash: zbwzCYubi3y8ZS_vs9hMS2iISNFeoDORB2MBEtlwId8
id: node.field_page_content_block
field_name: field_page_content_block
entity_type: node
type: entity_reference_revisions
settings:
  target_type: paragraph
module: entity_reference_revisions
locked: false
cardinality: -1
translatable: true
indexes: {  }
persist_with_no_fields: false
custom_storage: false
