uuid: ae1227e1-651e-4bd8-9d47-dae16e30e0e0
langcode: en
status: true
dependencies:
  config:
    - core.entity_view_mode.node.teaser
    - field.storage.node.field_image
    - field.storage.node.field_person_credential
    - field.storage.node.field_person_email
    - field.storage.node.field_person_phone
    - field.storage.node.field_person_position
    - field.storage.node.field_teaser
    - node.type.person
    - taxonomy.vocabulary.research_areas
    - taxonomy.vocabulary.tags
  module:
    - node
    - options
    - taxonomy
    - telephone
    - user
id: people_list_block
label: 'People list block'
module: views
description: ''
tag: ''
base_table: node_field_data
base_field: nid
display:
  default:
    id: default
    display_title: Master
    display_plugin: default
    position: 0
    display_options:
      title: None
      fields:
        field_person_credential:
          id: field_person_credential
          table: node__field_person_credential
          field: field_person_credential
          relationship: none
          group_type: group
          admin_label: Credentials
          plugin_id: field
          label: ''
          exclude: true
          alter:
            alter_text: true
            text: ', {{ field_person_credential }}'
            make_link: false
            path: ''
            absolute: false
            external: false
            replace_spaces: false
            path_case: none
            trim_whitespace: false
            alt: ''
            rel: ''
            link_class: ''
            prefix: ''
            suffix: ''
            target: ''
            nl2br: false
            max_length: 0
            word_boundary: true
            ellipsis: true
            more_link: false
            more_link_text: ''
            more_link_path: ''
            strip_tags: false
            trim: false
            preserve_tags: ''
            html: false
          element_type: ''
          element_class: ''
          element_label_type: ''
          element_label_class: ''
          element_label_colon: false
          element_wrapper_type: ''
          element_wrapper_class: ''
          element_default_classes: true
          empty: ''
          hide_empty: false
          empty_zero: false
          hide_alter_empty: true
          click_sort_column: value
          type: string
          settings:
            link_to_entity: false
          group_column: value
          group_columns: {  }
          group_rows: true
          delta_limit: 0
          delta_offset: 0
          delta_reversed: false
          delta_first_last: false
          multi_type: separator
          separator: ', '
          field_api_classes: false
        nid:
          id: nid
          table: node_field_data
          field: nid
          relationship: none
          group_type: group
          admin_label: ''
          entity_type: node
          entity_field: nid
          plugin_id: field
          label: ''
          exclude: false
          alter:
            alter_text: false
            text: ''
            make_link: true
            path: '/node/{{ nid }}'
            absolute: false
            external: false
            replace_spaces: false
            path_case: none
            trim_whitespace: false
            alt: ''
            rel: ''
            link_class: ''
            prefix: ''
            suffix: ''
            target: ''
            nl2br: false
            max_length: 0
            word_boundary: true
            ellipsis: true
            more_link: false
            more_link_text: ''
            more_link_path: ''
            strip_tags: false
            trim: false
            preserve_tags: ''
            html: false
          element_type: ''
          element_class: ''
          element_label_type: ''
          element_label_class: ''
          element_label_colon: false
          element_wrapper_type: ''
          element_wrapper_class: ''
          element_default_classes: false
          empty: ''
          hide_empty: false
          empty_zero: false
          hide_alter_empty: true
          click_sort_column: value
          type: number_integer
          settings:
            thousand_separator: ''
            prefix_suffix: false
          group_column: value
          group_columns: {  }
          group_rows: true
          delta_limit: 0
          delta_offset: 0
          delta_reversed: false
          delta_first_last: false
          multi_type: separator
          separator: ', '
          field_api_classes: false
        title:
          id: title
          table: node_field_data
          field: title
          relationship: none
          group_type: group
          admin_label: Title
          entity_type: node
          entity_field: title
          plugin_id: field
          label: ''
          exclude: false
          alter:
            alter_text: true
            text: '{{ title }}{{ field_person_credential }} '
            make_link: true
            path: 'node/{{ nid }}'
            absolute: false
            external: false
            replace_spaces: false
            path_case: none
            trim_whitespace: false
            alt: ''
            rel: ''
            link_class: click-target
            prefix: ''
            suffix: ''
            target: ''
            nl2br: false
            max_length: 0
            word_boundary: false
            ellipsis: false
            more_link: false
            more_link_text: ''
            more_link_path: ''
            strip_tags: false
            trim: false
            preserve_tags: ''
            html: false
          element_type: ''
          element_class: ''
          element_label_type: ''
          element_label_class: ''
          element_label_colon: false
          element_wrapper_type: ''
          element_wrapper_class: ''
          element_default_classes: true
          empty: ''
          hide_empty: false
          empty_zero: false
          hide_alter_empty: true
          click_sort_column: value
          type: string
          settings:
            link_to_entity: false
          group_column: value
          group_columns: {  }
          group_rows: true
          delta_limit: 0
          delta_offset: 0
          delta_reversed: false
          delta_first_last: false
          multi_type: separator
          separator: ', '
          field_api_classes: false
        field_teaser:
          id: field_teaser
          table: node__field_teaser
          field: field_teaser
          relationship: none
          group_type: group
          admin_label: 'Short Bio'
          plugin_id: field
          label: ''
          exclude: false
          alter:
            alter_text: false
            text: ''
            make_link: false
            path: ''
            absolute: false
            external: false
            replace_spaces: false
            path_case: none
            trim_whitespace: false
            alt: ''
            rel: ''
            link_class: ''
            prefix: ''
            suffix: ''
            target: ''
            nl2br: false
            max_length: 0
            word_boundary: true
            ellipsis: true
            more_link: false
            more_link_text: ''
            more_link_path: ''
            strip_tags: false
            trim: false
            preserve_tags: ''
            html: false
          element_type: ''
          element_class: ''
          element_label_type: ''
          element_label_class: ''
          element_label_colon: false
          element_wrapper_type: ''
          element_wrapper_class: ''
          element_default_classes: true
          empty: ''
          hide_empty: false
          empty_zero: false
          hide_alter_empty: true
          click_sort_column: value
          type: basic_string
          settings: {  }
          group_column: value
          group_columns: {  }
          group_rows: true
          delta_limit: 0
          delta_offset: 0
          delta_reversed: false
          delta_first_last: false
          multi_type: separator
          separator: ', '
          field_api_classes: false
        field_person_email:
          id: field_person_email
          table: node__field_person_email
          field: field_person_email
          relationship: none
          group_type: group
          admin_label: Email
          plugin_id: field
          label: ''
          exclude: false
          alter:
            alter_text: false
            text: ''
            make_link: false
            path: ''
            absolute: false
            external: false
            replace_spaces: false
            path_case: none
            trim_whitespace: false
            alt: ''
            rel: ''
            link_class: ''
            prefix: ''
            suffix: ''
            target: ''
            nl2br: false
            max_length: 0
            word_boundary: true
            ellipsis: true
            more_link: false
            more_link_text: ''
            more_link_path: ''
            strip_tags: false
            trim: false
            preserve_tags: ''
            html: false
          element_type: ''
          element_class: ''
          element_label_type: ''
          element_label_class: ''
          element_label_colon: false
          element_wrapper_type: ''
          element_wrapper_class: ''
          element_default_classes: true
          empty: ''
          hide_empty: false
          empty_zero: false
          hide_alter_empty: true
          click_sort_column: value
          type: email_mailto
          settings: {  }
          group_column: value
          group_columns: {  }
          group_rows: true
          delta_limit: 0
          delta_offset: 0
          delta_reversed: false
          delta_first_last: false
          multi_type: separator
          separator: ', '
          field_api_classes: false
        field_image:
          id: field_image
          table: node__field_image
          field: field_image
          relationship: none
          group_type: group
          admin_label: Photo
          plugin_id: field
          label: ''
          exclude: false
          alter:
            alter_text: false
            text: ''
            make_link: false
            path: ''
            absolute: false
            external: false
            replace_spaces: false
            path_case: none
            trim_whitespace: false
            alt: ''
            rel: ''
            link_class: ''
            prefix: ''
            suffix: ''
            target: ''
            nl2br: false
            max_length: 0
            word_boundary: true
            ellipsis: true
            more_link: false
            more_link_text: ''
            more_link_path: ''
            strip_tags: false
            trim: false
            preserve_tags: ''
            html: false
          element_type: ''
          element_class: ''
          element_label_type: ''
          element_label_class: ''
          element_label_colon: false
          element_wrapper_type: ''
          element_wrapper_class: ''
          element_default_classes: true
          empty: '<div class="img--empty">&nbsp;</div>'
          hide_empty: false
          empty_zero: false
          hide_alter_empty: true
          click_sort_column: target_id
          type: entity_reference_entity_view
          settings:
            view_mode: large__square
          group_column: target_id
          group_columns: {  }
          group_rows: true
          delta_limit: 0
          delta_offset: 0
          delta_reversed: false
          delta_first_last: false
          multi_type: separator
          separator: ', '
          field_api_classes: false
        field_person_phone:
          id: field_person_phone
          table: node__field_person_phone
          field: field_person_phone
          relationship: none
          group_type: group
          admin_label: Phone
          plugin_id: field
          label: ''
          exclude: false
          alter:
            alter_text: false
            text: ''
            make_link: false
            path: ''
            absolute: false
            external: false
            replace_spaces: false
            path_case: none
            trim_whitespace: false
            alt: ''
            rel: ''
            link_class: ''
            prefix: ''
            suffix: ''
            target: ''
            nl2br: false
            max_length: 0
            word_boundary: true
            ellipsis: true
            more_link: false
            more_link_text: ''
            more_link_path: ''
            strip_tags: false
            trim: false
            preserve_tags: ''
            html: false
          element_type: ''
          element_class: ''
          element_label_type: ''
          element_label_class: ''
          element_label_colon: false
          element_wrapper_type: ''
          element_wrapper_class: ''
          element_default_classes: true
          empty: ''
          hide_empty: false
          empty_zero: false
          hide_alter_empty: true
          click_sort_column: value
          type: telephone_link
          settings:
            title: ''
          group_column: value
          group_columns: {  }
          group_rows: true
          delta_limit: 0
          delta_offset: 0
          delta_reversed: false
          delta_first_last: false
          multi_type: separator
          separator: ', '
          field_api_classes: false
        field_person_position:
          id: field_person_position
          table: node__field_person_position
          field: field_person_position
          relationship: none
          group_type: group
          admin_label: Title/Position
          plugin_id: field
          label: ''
          exclude: false
          alter:
            alter_text: false
            text: ''
            make_link: false
            path: ''
            absolute: false
            external: false
            replace_spaces: false
            path_case: none
            trim_whitespace: false
            alt: ''
            rel: ''
            link_class: ''
            prefix: ''
            suffix: ''
            target: ''
            nl2br: false
            max_length: 0
            word_boundary: true
            ellipsis: true
            more_link: false
            more_link_text: ''
            more_link_path: ''
            strip_tags: false
            trim: false
            preserve_tags: ''
            html: false
          element_type: ''
          element_class: ''
          element_label_type: ''
          element_label_class: ''
          element_label_colon: false
          element_wrapper_type: ''
          element_wrapper_class: ''
          element_default_classes: true
          empty: ''
          hide_empty: false
          empty_zero: false
          hide_alter_empty: true
          click_sort_column: value
          type: string
          settings:
            link_to_entity: false
          group_column: value
          group_columns: {  }
          group_rows: true
          delta_limit: 0
          delta_offset: 0
          delta_reversed: false
          delta_first_last: false
          multi_type: separator
          separator: '<br />'
          field_api_classes: false
      pager:
        type: mini
        options:
          offset: 0
          items_per_page: 0
          total_pages: null
          id: 0
          tags:
            next: 'Next ›'
            previous: '‹ Previous'
          expose:
            items_per_page: true
            items_per_page_label: 'Items per page'
            items_per_page_options: '9'
            items_per_page_options_all: true
            items_per_page_options_all_label: '- All -'
            offset: true
            offset_label: Offset
      exposed_form:
        type: basic
        options:
          submit_button: Apply
          reset_button: false
          reset_button_label: Reset
          exposed_sorts_label: 'Sort by'
          expose_sort_order: true
          sort_asc_label: Asc
          sort_desc_label: Desc
      access:
        type: perm
        options:
          perm: 'access content'
      cache:
        type: none
        options: {  }
      empty:
        area:
          id: area
          table: views
          field: area
          relationship: none
          group_type: group
          admin_label: ''
          plugin_id: text
          empty: true
          content:
            value: 'There are currently no results to display.'
            format: filtered_html
          tokenize: false
      sorts:
        sticky:
          id: sticky
          table: node_field_data
          field: sticky
          relationship: none
          group_type: group
          admin_label: ''
          entity_type: node
          entity_field: sticky
          plugin_id: standard
          order: DESC
          expose:
            label: ''
            field_identifier: sticky
          exposed: false
        field_person_last_name_value:
          id: field_person_last_name_value
          table: node__field_person_last_name
          field: field_person_last_name_value
          relationship: none
          group_type: group
          admin_label: ''
          plugin_id: standard
          order: ASC
          expose:
            label: ''
            field_identifier: field_person_last_name_value
          exposed: false
        field_person_first_name_value:
          id: field_person_first_name_value
          table: node__field_person_first_name
          field: field_person_first_name_value
          relationship: none
          group_type: group
          admin_label: ''
          plugin_id: standard
          order: ASC
          expose:
            label: ''
            field_identifier: field_person_first_name_value
          exposed: false
      arguments: {  }
      filters:
        status:
          id: status
          table: node_field_data
          field: status
          entity_type: node
          entity_field: status
          plugin_id: boolean
          value: '1'
          group: 1
          expose:
            operator: ''
            operator_limit_selection: false
            operator_list: {  }
        type:
          id: type
          table: node_field_data
          field: type
          entity_type: node
          entity_field: type
          plugin_id: bundle
          value:
            person: person
          group: 1
          expose:
            operator_limit_selection: false
            operator_list: {  }
        field_person_hide_value:
          id: field_person_hide_value
          table: node__field_person_hide
          field: field_person_hide_value
          relationship: none
          group_type: group
          admin_label: ''
          plugin_id: boolean
          operator: '!='
          value: '1'
          group: 1
          exposed: false
          expose:
            operator_id: ''
            label: ''
            description: ''
            use_operator: false
            operator: ''
            operator_limit_selection: false
            operator_list: {  }
            identifier: ''
            required: false
            remember: false
            multiple: false
            remember_roles:
              authenticated: authenticated
          is_grouped: false
          group_info:
            label: ''
            description: ''
            identifier: ''
            optional: true
            widget: select
            multiple: false
            remember: false
            default_group: All
            default_group_multiple: {  }
            group_items: {  }
        field_tags_target_id:
          id: field_tags_target_id
          table: node__field_tags
          field: field_tags_target_id
          relationship: none
          group_type: group
          admin_label: ''
          plugin_id: taxonomy_index_tid
          operator: or
          value: {  }
          group: 1
          exposed: true
          expose:
            operator_id: field_tags_target_id_op
            label: Tags
            description: ''
            use_operator: false
            operator: field_tags_target_id_op
            operator_limit_selection: false
            operator_list: {  }
            identifier: field_tags_target_id
            required: false
            remember: false
            multiple: true
            remember_roles:
              authenticated: authenticated
              anonymous: '0'
              viewer: '0'
              editor: '0'
              publisher: '0'
              webmaster: '0'
              administrator: '0'
            reduce: false
          is_grouped: false
          group_info:
            label: ''
            description: ''
            identifier: ''
            optional: true
            widget: select
            multiple: false
            remember: false
            default_group: All
            default_group_multiple: {  }
            group_items: {  }
          reduce_duplicates: true
          vid: tags
          type: textfield
          hierarchy: false
          limit: true
          error_message: true
          save_lineage: false
          force_deepest: false
          parent: 0
          level_labels: ''
          hierarchy_depth: 0
          required_depth: 0
          none_label: '- Please select -'
        field_person_research_areas_target_id:
          id: field_person_research_areas_target_id
          table: node__field_person_research_areas
          field: field_person_research_areas_target_id
          relationship: none
          group_type: group
          admin_label: ''
          plugin_id: taxonomy_index_tid
          operator: or
          value: {  }
          group: 1
          exposed: true
          expose:
            operator_id: field_person_research_areas_target_id_op
            label: 'Research areas'
            description: ''
            use_operator: false
            operator: field_person_research_areas_target_id_op
            operator_limit_selection: false
            operator_list: {  }
            identifier: people_research_areas
            required: false
            remember: false
            multiple: true
            remember_roles:
              authenticated: authenticated
              anonymous: '0'
              viewer: '0'
              editor: '0'
              publisher: '0'
              webmaster: '0'
              administrator: '0'
            reduce: false
          is_grouped: false
          group_info:
            label: ''
            description: ''
            identifier: ''
            optional: true
            widget: select
            multiple: false
            remember: false
            default_group: All
            default_group_multiple: {  }
            group_items: {  }
          reduce_duplicates: true
          vid: research_areas
          type: textfield
          hierarchy: false
          limit: true
          error_message: true
          save_lineage: false
          force_deepest: false
          parent: 0
          level_labels: ''
          hierarchy_depth: 0
          required_depth: 0
          none_label: '- Please select -'
        field_person_types_target_id:
          id: field_person_types_target_id
          table: node__field_person_types
          field: field_person_types_target_id
          relationship: none
          group_type: group
          admin_label: ''
          plugin_id: string
          operator: '='
          value: ''
          group: 1
          exposed: true
          expose:
            operator_id: field_person_types_target_id_op
            label: 'Person type'
            description: ''
            use_operator: false
            operator: field_person_types_target_id_op
            operator_limit_selection: false
            operator_list: {  }
            identifier: field_person_types_target_id
            required: false
            remember: false
            multiple: false
            remember_roles:
              authenticated: authenticated
              anonymous: '0'
              viewer: '0'
              editor: '0'
              publisher: '0'
              webmaster: '0'
              administrator: '0'
            placeholder: ''
          is_grouped: false
          group_info:
            label: ''
            description: ''
            identifier: ''
            optional: true
            widget: select
            multiple: false
            remember: false
            default_group: All
            default_group_multiple: {  }
            group_items: {  }
        field_person_type_status_value:
          id: field_person_type_status_value
          table: node__field_person_type_status
          field: field_person_type_status_value
          relationship: none
          group_type: group
          admin_label: ''
          plugin_id: list_field
          operator: or
          value: {  }
          group: 1
          exposed: true
          expose:
            operator_id: field_person_type_status_value_op
            label: 'Person type status'
            description: ''
            use_operator: true
            operator: field_person_type_status_value_op
            operator_limit_selection: true
            operator_list:
              or: or
              not: not
            identifier: field_person_type_status_value
            required: false
            remember: false
            multiple: false
            remember_roles:
              authenticated: authenticated
              anonymous: '0'
              viewer: '0'
              editor: '0'
              publisher: '0'
              webmaster: '0'
              administrator: '0'
            reduce: false
          is_grouped: false
          group_info:
            label: ''
            description: ''
            identifier: ''
            optional: true
            widget: select
            multiple: false
            remember: false
            default_group: All
            default_group_multiple: {  }
            group_items: {  }
          reduce_duplicates: true
      filter_groups:
        operator: AND
        groups:
          1: AND
      style:
        type: default
        options:
          grouping: {  }
          row_class: ''
          default_row_class: true
          uses_fields: true
      row:
        type: 'entity:node'
        options:
          relationship: none
          view_mode: teaser
      query:
        type: views_query
        options:
          query_comment: ''
          disable_sql_rewrite: false
          distinct: false
          replica: false
          query_tags: {  }
      relationships: {  }
      use_ajax: true
      group_by: false
      use_more: true
      use_more_always: false
      use_more_text: 'View more'
      link_display: custom_url
      link_url: '{{ sitenow_people.path }}'
      header: {  }
      footer: {  }
      display_extenders: {  }
    cache_metadata:
      max-age: -1
      contexts:
        - 'languages:language_content'
        - 'languages:language_interface'
        - url
        - url.query_args
        - user
        - 'user.node_grants:view'
        - user.permissions
      tags:
        - 'config:field.storage.node.field_image'
        - 'config:field.storage.node.field_person_credential'
        - 'config:field.storage.node.field_person_email'
        - 'config:field.storage.node.field_person_phone'
        - 'config:field.storage.node.field_person_position'
        - 'config:field.storage.node.field_teaser'
  list_card:
    id: list_card
    display_title: 'People list'
    display_plugin: block
    position: 3
    display_options:
      defaults:
        filters: true
        filter_groups: true
      display_description: ''
      display_extenders:
        metatag_display_extender: {  }
      block_description: People
      block_category: Lists
      allow:
        items_per_page: true
        offset: offset
        pager: pager
        hide_fields: hide_fields
        sort_fields: '0'
        disable_filters: '0'
        configure_sorts: configure_sorts
        configure_filters: configure_filters
        use_more: use_more
      filter_in_block:
        - field_tags_target_id
        - field_person_research_areas_target_id
        - field_person_types_target_id
        - field_person_type_status_value
      more_link_help_text: 'Check to include a ''display more'' link. To use the default <a href="/admin/config/sitenow/sitenow-people">people path set within SiteNow People</a>, make sure the ‘Enable people listing’ box is checked. Alternatively, a custom URL path can be provided in the ‘Path’ text box below. '
      restrict_fields:
        nid: nid
        title: title
        field_person_credential: 0
        field_teaser: 0
        field_person_email: 0
        field_image: 0
        field_person_phone: 0
        field_person_position: 0
    cache_metadata:
      max-age: -1
      contexts:
        - 'languages:language_content'
        - 'languages:language_interface'
        - url
        - url.query_args
        - user
        - 'user.node_grants:view'
        - user.permissions
      tags:
        - 'config:field.storage.node.field_image'
        - 'config:field.storage.node.field_person_credential'
        - 'config:field.storage.node.field_person_email'
        - 'config:field.storage.node.field_person_phone'
        - 'config:field.storage.node.field_person_position'
        - 'config:field.storage.node.field_teaser'
