uuid: fa2c9cdc-2fcb-4dfe-b968-bb6a6a7766ab
langcode: en
status: true
dependencies:
  config:
    - field.storage.paragraph.field_section_content_block
    - paragraphs.paragraphs_type.accordion
    - paragraphs.paragraphs_type.articles
    - paragraphs.paragraphs_type.blockquote
    - paragraphs.paragraphs_type.card
    - paragraphs.paragraphs_type.events
    - paragraphs.paragraphs_type.faqs
    - paragraphs.paragraphs_type.section
    - paragraphs.paragraphs_type.text
    - paragraphs.paragraphs_type.webform
  module:
    - entity_reference_revisions
_core:
  default_config_hash: bUTS_G1eBuI19AR3ES1LI-tzR2Tt0pUbgj96D7e-r0M
id: paragraph.section.field_section_content_block
field_name: field_section_content_block
entity_type: paragraph
bundle: section
label: 'Content Blocks'
description: 'Add separated content blocks to this section.'
required: false
translatable: false
default_value: {  }
default_value_callback: ''
settings:
  handler: 'default:paragraph'
  handler_settings:
    negate: 0
    target_bundles:
      text: text
      accordion: accordion
      card: card
      blockquote: blockquote
      events: events
      articles: articles
      faqs: faqs
      webform: webform
    target_bundles_drag_drop:
      section:
        weight: 3
        enabled: false
      text:
        enabled: true
        weight: 4
      accordion:
        enabled: true
        weight: 6
      accordion_item:
        weight: 7
        enabled: false
      card:
        enabled: true
        weight: 8
      blockquote:
        enabled: true
        weight: 9
      events:
        enabled: true
        weight: 10
      articles:
        enabled: true
        weight: 11
      webform:
        enabled: true
        weight: 18
      faqs:
        enabled: true
        weight: 14
field_type: entity_reference_revisions
