uuid: b48f61c0-20d1-425a-8859-d05794656c05
langcode: en
status: true
dependencies:
  module:
    - facilities_core
    - node
  theme:
    - uids_base
id: mapblock
theme: uids_base
region: content
weight: 0
provider: null
plugin: map_block
settings:
  id: map_block
  label: 'Map Block'
  label_display: visible
  provider: facilities_core
  context_mapping:
    node: '@node.node_route_context:node'
visibility:
  'entity_bundle:node':
    id: 'entity_bundle:node'
    negate: false
    context_mapping:
      node: '@node.node_route_context:node'
    bundles:
      building: building
