adding:
  dependencies:
    config:
      - taxonomy.vocabulary.audience
      - taxonomy.vocabulary.topic
      - taxonomy.vocabulary.type
    module:
      - better_exposed_filters
  display:
    default:
      display_options:
        exposed_form:
          type: bef
          options:
            reset_button: true
            text_input_required: 'Select any filter and click on Apply to see results'
            text_input_required_format: filtered_html
            bef:
              general:
                autosubmit: false
                autosubmit_exclude_textfield: false
                autosubmit_textfield_delay: 500
                autosubmit_hide: false
                input_required: false
                allow_secondary: false
                secondary_label: 'Advanced options'
                secondary_open: false
                reset_button_always_show: false
              filter:
                title:
                  plugin_id: default
                  advanced:
                    placeholder_text: ''
                    collapsible: false
                    collapsible_disable_automatic_open: false
                    is_secondary: false
                    hide_label: false
                field_tags_target_id:
                  plugin_id: default
                  advanced:
                    placeholder_text: ''
                    rewrite:
                      filter_rewrite_values: ''
                      filter_rewrite_values_key: false
                    collapsible: false
                    collapsible_disable_automatic_open: false
                    is_secondary: false
                    hide_label: false
                field_wellbeing_audience_target_id:
                  plugin_id: bef
                  advanced:
                    sort_options: false
                    rewrite:
                      filter_rewrite_values: ''
                      filter_rewrite_values_key: false
                    collapsible: true
                    collapsible_disable_automatic_open: false
                    is_secondary: false
                    hide_label: false
                  select_all_none: false
                  select_all_none_nested: false
                  display_inline: false
                field_wellbeing_topic_target_id:
                  plugin_id: bef
                  advanced:
                    sort_options: false
                    rewrite:
                      filter_rewrite_values: ''
                      filter_rewrite_values_key: false
                    collapsible: true
                    collapsible_disable_automatic_open: false
                    is_secondary: false
                    hide_label: false
                  select_all_none: false
                  select_all_none_nested: false
                  display_inline: false
                field_wellbeing_type_target_id:
                  plugin_id: bef
                  advanced:
                    sort_options: false
                    rewrite:
                      filter_rewrite_values: ''
                      filter_rewrite_values_key: false
                    collapsible: true
                    collapsible_disable_automatic_open: false
                    is_secondary: false
                    hide_label: false
                  select_all_none: false
                  select_all_none_nested: false
                  display_inline: false
        filters:
          field_wellbeing_audience_target_id:
            id: field_wellbeing_audience_target_id
            table: node__field_wellbeing_audience
            field: field_wellbeing_audience_target_id
            relationship: none
            group_type: group
            admin_label: ''
            plugin_id: taxonomy_index_tid
            operator: or
            value: {  }
            group: 1
            exposed: true
            expose:
              operator_id: field_wellbeing_audience_target_id_op
              label: Audience
              description: ''
              use_operator: false
              operator: field_wellbeing_audience_target_id_op
              operator_limit_selection: false
              operator_list: {  }
              identifier: field_wellbeing_audience_target_id
              required: false
              remember: false
              multiple: true
              remember_roles:
                authenticated: authenticated
                anonymous: '0'
                viewer: '0'
                editor: '0'
                publisher: '0'
                webmaster: '0'
                administrator: '0'
              reduce: false
            is_grouped: false
            group_info:
              label: ''
              description: ''
              identifier: ''
              optional: true
              widget: select
              multiple: false
              remember: false
              default_group: All
              default_group_multiple: {  }
              group_items: {  }
            reduce_duplicates: true
            vid: audience
            type: select
            hierarchy: false
            limit: true
            error_message: true
            save_lineage: false
            force_deepest: false
            parent: null
            level_labels: ''
            hierarchy_depth: 0
            required_depth: 0
            none_label: '- Please select -'
          field_wellbeing_topic_target_id:
            id: field_wellbeing_topic_target_id
            table: node__field_wellbeing_topic
            field: field_wellbeing_topic_target_id
            relationship: none
            group_type: group
            admin_label: ''
            plugin_id: taxonomy_index_tid
            operator: or
            value: {  }
            group: 1
            exposed: true
            expose:
              operator_id: field_wellbeing_topic_target_id_op
              label: Topic
              description: ''
              use_operator: false
              operator: field_wellbeing_topic_target_id_op
              operator_limit_selection: false
              operator_list: {  }
              identifier: field_wellbeing_topic_target_id
              required: false
              remember: false
              multiple: true
              remember_roles:
                authenticated: authenticated
                anonymous: '0'
                viewer: '0'
                editor: '0'
                publisher: '0'
                webmaster: '0'
                administrator: '0'
              reduce: false
            is_grouped: false
            group_info:
              label: ''
              description: ''
              identifier: ''
              optional: true
              widget: select
              multiple: false
              remember: false
              default_group: All
              default_group_multiple: {  }
              group_items: {  }
            reduce_duplicates: true
            vid: topic
            type: select
            hierarchy: false
            limit: true
            error_message: true
            save_lineage: false
            force_deepest: false
            parent: null
            level_labels: ''
            hierarchy_depth: 0
            required_depth: 0
            none_label: '- Please select -'
          field_wellbeing_type_target_id:
            id: field_wellbeing_type_target_id
            table: node__field_wellbeing_type
            field: field_wellbeing_type_target_id
            relationship: none
            group_type: group
            admin_label: ''
            plugin_id: taxonomy_index_tid
            operator: or
            value: {  }
            group: 1
            exposed: true
            expose:
              operator_id: field_wellbeing_type_target_id_op
              label: Type
              description: ''
              use_operator: false
              operator: field_wellbeing_type_target_id_op
              operator_limit_selection: false
              operator_list: {  }
              identifier: field_wellbeing_type_target_id
              required: false
              remember: false
              multiple: true
              remember_roles:
                authenticated: authenticated
                anonymous: '0'
                viewer: '0'
                editor: '0'
                publisher: '0'
                webmaster: '0'
                administrator: '0'
              reduce: false
            is_grouped: false
            group_info:
              label: ''
              description: ''
              identifier: ''
              optional: true
              widget: select
              multiple: false
              remember: false
              default_group: All
              default_group_multiple: {  }
              group_items: {  }
            reduce_duplicates: true
            vid: type
            type: select
            hierarchy: false
            limit: true
            error_message: true
            save_lineage: false
            force_deepest: false
            parent: null
            level_labels: ''
            hierarchy_depth: 0
            required_depth: 0
            none_label: '- Please select -'
        css_class: 'bef-form bef-form--inline bef-form--label-hidden'
removing:
  display:
    default:
      display_options:
        exposed_form:
          type: basic
          options:
            reset_button: false
