adding:
  dependencies:
    config:
      - taxonomy.vocabulary.audience
      - taxonomy.vocabulary.topic
      - taxonomy.vocabulary.type
  display:
    default:
      display_options:
        filters:
          field_wellbeing_audience_target_id:
            id: field_wellbeing_audience_target_id
            table: node__field_wellbeing_audience
            field: field_wellbeing_audience_target_id
            relationship: none
            group_type: group
            admin_label: ''
            plugin_id: taxonomy_index_tid
            operator: or
            value: {  }
            group: 1
            exposed: true
            expose:
              operator_id: field_wellbeing_audience_target_id_op
              label: Audience
              description: ''
              use_operator: false
              operator: field_wellbeing_audience_target_id_op
              operator_limit_selection: false
              operator_list: {  }
              identifier: field_wellbeing_audience_target_id
              required: false
              remember: false
              multiple: true
              remember_roles:
                authenticated: authenticated
                anonymous: '0'
                viewer: '0'
                editor: '0'
                publisher: '0'
                webmaster: '0'
                administrator: '0'
              reduce: false
            is_grouped: false
            group_info:
              label: ''
              description: ''
              identifier: ''
              optional: true
              widget: select
              multiple: false
              remember: false
              default_group: All
              default_group_multiple: {  }
              group_items: {  }
            reduce_duplicates: true
            vid: audience
            type: textfield
            hierarchy: false
            limit: true
            error_message: true
            save_lineage: false
            force_deepest: false
            parent: null
            level_labels: ''
            hierarchy_depth: 0
            required_depth: 0
            none_label: '- Please select -'
          field_wellbeing_topic_target_id:
            id: field_wellbeing_topic_target_id
            table: node__field_wellbeing_topic
            field: field_wellbeing_topic_target_id
            relationship: none
            group_type: group
            admin_label: ''
            plugin_id: taxonomy_index_tid
            operator: or
            value: {  }
            group: 1
            exposed: true
            expose:
              operator_id: field_wellbeing_topic_target_id_op
              label: Topic
              description: ''
              use_operator: false
              operator: field_wellbeing_topic_target_id_op
              operator_limit_selection: false
              operator_list: {  }
              identifier: field_wellbeing_topic_target_id
              required: false
              remember: false
              multiple: true
              remember_roles:
                authenticated: authenticated
                anonymous: '0'
                viewer: '0'
                editor: '0'
                publisher: '0'
                webmaster: '0'
                administrator: '0'
              reduce: false
            is_grouped: false
            group_info:
              label: ''
              description: ''
              identifier: ''
              optional: true
              widget: select
              multiple: false
              remember: false
              default_group: All
              default_group_multiple: {  }
              group_items: {  }
            reduce_duplicates: true
            vid: topic
            type: textfield
            hierarchy: false
            limit: true
            error_message: true
            save_lineage: false
            force_deepest: false
            parent: null
            level_labels: ''
            hierarchy_depth: 0
            required_depth: 0
            none_label: '- Please select -'
          field_wellbeing_type_target_id:
            id: field_wellbeing_type_target_id
            table: node__field_wellbeing_type
            field: field_wellbeing_type_target_id
            relationship: none
            group_type: group
            admin_label: ''
            plugin_id: taxonomy_index_tid
            operator: or
            value: {  }
            group: 1
            exposed: true
            expose:
              operator_id: field_wellbeing_type_target_id_op
              label: Type
              description: ''
              use_operator: false
              operator: field_wellbeing_type_target_id_op
              operator_limit_selection: false
              operator_list: {  }
              identifier: field_wellbeing_type_target_id
              required: false
              remember: false
              multiple: true
              remember_roles:
                authenticated: authenticated
                anonymous: '0'
                viewer: '0'
                editor: '0'
                publisher: '0'
                webmaster: '0'
                administrator: '0'
              reduce: false
            is_grouped: false
            group_info:
              label: ''
              description: ''
              identifier: ''
              optional: true
              widget: select
              multiple: false
              remember: false
              default_group: All
              default_group_multiple: {  }
              group_items: {  }
            reduce_duplicates: true
            vid: type
            type: textfield
            hierarchy: false
            limit: true
            error_message: true
            save_lineage: false
            force_deepest: false
            parent: null
            level_labels: ''
            hierarchy_depth: 0
            required_depth: 0
            none_label: '- Please select -'
removing: {  }
