uuid: e6ba7a88-4387-46fd-b366-92ab59ebe0fb
langcode: en
status: true
dependencies:
  config:
    - views.view.user_signage_groups
  module:
    - system
    - views
  theme:
    - uids_base
id: uids_base_views_block__user_signage_groups_block
theme: uids_base
region: content
weight: 0
provider: null
plugin: 'views_block:user_signage_groups-user_signage_groups_block'
settings:
  id: 'views_block:user_signage_groups-user_signage_groups_block'
  label: ''
  label_display: '0'
  provider: views
  context_mapping: {  }
  views_label: ''
  items_per_page: none
  pager: some
  exposed: {  }
  headline:
    headline: ''
    hide_headline: 0
    heading_size: h4
    headline_style: default
    headline_alignment: default
    child_heading_size: h3
  exposed_filter_values: null
  layout_builder_styles: {  }
visibility:
  request_path:
    id: request_path
    negate: false
    pages: '/user/*'
