uuid: 3855f054-d149-4b3d-b752-caff5859a730
langcode: en
status: true
dependencies:
  module:
    - uipress_core
  theme:
    - uids_base
id: cartblock
theme: uids_base
region: primary_menu
weight: 0
provider: null
plugin: cart_block
settings:
  id: cart_block
  label: 'Cart Block'
  provider: uipress_core
  label_display: '0'
visibility: {  }
