uuid: 9541224e-289e-4926-984c-050ddb23dc02
langcode: en
status: true
dependencies:
  module:
    - uiowa_core
  theme:
    - uids_base
id: searchblock
theme: uids_base
region: search
weight: 0
provider: null
plugin: uiowa_core_search_block
settings:
  id: uiowa_core_search_block
  label: 'Search Block'
  provider: uiowa_core
  label_display: '0'
  endpoint: /search
  query_parameter: terms
  button_text: Search
  search_label: Search
visibility: {  }
